// !$*UTF8*$!
{
	archiveVersion = 1;
	classes = {
	};
	objectVersion = 46;
	objects = {

/* Begin PBXBuildFile section */
		8CDFCE2970B5B6960071603D /* Pods_Famidesk.framework in Frameworks */ = {isa = PBXBuildFile; fileRef = 74045A090411E0B87ED7E439 /* Pods_Famidesk.framework */; };
		C300A91D1F2B805D001A9737 /* ScannerView.swift in Sources */ = {isa = PBXBuildFile; fileRef = C300A91C1F2B805D001A9737 /* ScannerView.swift */; };
		C32A1C4A1F2BA75F0035F9C2 /* ActionCell.swift in Sources */ = {isa = PBXBuildFile; fileRef = C32A1C491F2BA75F0035F9C2 /* ActionCell.swift */; };
		C32A1C4D1F2C7FE90035F9C2 /* Action.swift in Sources */ = {isa = PBXBuildFile; fileRef = C32A1C4C1F2C7FE90035F9C2 /* Action.swift */; };
		C32A1C4F1F2C81EC0035F9C2 /* Patient.swift in Sources */ = {isa = PBXBuildFile; fileRef = C32A1C4E1F2C81EC0035F9C2 /* Patient.swift */; };
		C32A1C521F2C82490035F9C2 /* URLHelper.swift in Sources */ = {isa = PBXBuildFile; fileRef = C32A1C511F2C82490035F9C2 /* URLHelper.swift */; };
		C32A1C541F2C847D0035F9C2 /* NetworkHelper.swift in Sources */ = {isa = PBXBuildFile; fileRef = C32A1C531F2C847D0035F9C2 /* NetworkHelper.swift */; };
		C32A1C571F2C943B0035F9C2 /* Date.swift in Sources */ = {isa = PBXBuildFile; fileRef = C32A1C561F2C943B0035F9C2 /* Date.swift */; };
		C368F4381F2B64C800D45C83 /* AppDelegate.swift in Sources */ = {isa = PBXBuildFile; fileRef = C368F4371F2B64C800D45C83 /* AppDelegate.swift */; };
		C368F43A1F2B64C800D45C83 /* ScanViewController.swift in Sources */ = {isa = PBXBuildFile; fileRef = C368F4391F2B64C800D45C83 /* ScanViewController.swift */; };
		C368F43D1F2B64C800D45C83 /* Main.storyboard in Resources */ = {isa = PBXBuildFile; fileRef = C368F43B1F2B64C800D45C83 /* Main.storyboard */; };
		C368F43F1F2B64C800D45C83 /* Assets.xcassets in Resources */ = {isa = PBXBuildFile; fileRef = C368F43E1F2B64C800D45C83 /* Assets.xcassets */; };
		C368F4421F2B64C800D45C83 /* LaunchScreen.storyboard in Resources */ = {isa = PBXBuildFile; fileRef = C368F4401F2B64C800D45C83 /* LaunchScreen.storyboard */; };
		C3F996C21F2B95220059B34C /* GrannyProfileViewController.swift in Sources */ = {isa = PBXBuildFile; fileRef = C3F996C11F2B95220059B34C /* GrannyProfileViewController.swift */; };
/* End PBXBuildFile section */

/* Begin PBXFileReference section */
		365AF0F960B05D7A1BF20317 /* Pods-Famidesk.debug.xcconfig */ = {isa = PBXFileReference; includeInIndex = 1; lastKnownFileType = text.xcconfig; name = "Pods-Famidesk.debug.xcconfig"; path = "Pods/Target Support Files/Pods-Famidesk/Pods-Famidesk.debug.xcconfig"; sourceTree = "<group>"; };
		404790D9226FD7C14741C9A2 /* Pods-Famidesk.release.xcconfig */ = {isa = PBXFileReference; includeInIndex = 1; lastKnownFileType = text.xcconfig; name = "Pods-Famidesk.release.xcconfig"; path = "Pods/Target Support Files/Pods-Famidesk/Pods-Famidesk.release.xcconfig"; sourceTree = "<group>"; };
		74045A090411E0B87ED7E439 /* Pods_Famidesk.framework */ = {isa = PBXFileReference; explicitFileType = wrapper.framework; includeInIndex = 0; path = Pods_Famidesk.framework; sourceTree = BUILT_PRODUCTS_DIR; };
		C300A91C1F2B805D001A9737 /* ScannerView.swift */ = {isa = PBXFileReference; fileEncoding = 4; lastKnownFileType = sourcecode.swift; path = ScannerView.swift; sourceTree = "<group>"; };
		C32A1C491F2BA75F0035F9C2 /* ActionCell.swift */ = {isa = PBXFileReference; fileEncoding = 4; lastKnownFileType = sourcecode.swift; path = ActionCell.swift; sourceTree = "<group>"; };
		C32A1C4C1F2C7FE90035F9C2 /* Action.swift */ = {isa = PBXFileReference; fileEncoding = 4; lastKnownFileType = sourcecode.swift; path = Action.swift; sourceTree = "<group>"; };
		C32A1C4E1F2C81EC0035F9C2 /* Patient.swift */ = {isa = PBXFileReference; fileEncoding = 4; lastKnownFileType = sourcecode.swift; path = Patient.swift; sourceTree = "<group>"; };
		C32A1C511F2C82490035F9C2 /* URLHelper.swift */ = {isa = PBXFileReference; fileEncoding = 4; lastKnownFileType = sourcecode.swift; path = URLHelper.swift; sourceTree = "<group>"; };
		C32A1C531F2C847D0035F9C2 /* NetworkHelper.swift */ = {isa = PBXFileReference; fileEncoding = 4; lastKnownFileType = sourcecode.swift; path = NetworkHelper.swift; sourceTree = "<group>"; };
		C32A1C561F2C943B0035F9C2 /* Date.swift */ = {isa = PBXFileReference; fileEncoding = 4; lastKnownFileType = sourcecode.swift; path = Date.swift; sourceTree = "<group>"; };
		C368F4341F2B64C800D45C83 /* Famidesk.app */ = {isa = PBXFileReference; explicitFileType = wrapper.application; includeInIndex = 0; path = Famidesk.app; sourceTree = BUILT_PRODUCTS_DIR; };
		C368F4371F2B64C800D45C83 /* AppDelegate.swift */ = {isa = PBXFileReference; lastKnownFileType = sourcecode.swift; path = AppDelegate.swift; sourceTree = "<group>"; };
		C368F4391F2B64C800D45C83 /* ScanViewController.swift */ = {isa = PBXFileReference; lastKnownFileType = sourcecode.swift; path = ScanViewController.swift; sourceTree = "<group>"; };
		C368F43C1F2B64C800D45C83 /* Base */ = {isa = PBXFileReference; lastKnownFileType = file.storyboard; name = Base; path = Base.lproj/Main.storyboard; sourceTree = "<group>"; };
		C368F43E1F2B64C800D45C83 /* Assets.xcassets */ = {isa = PBXFileReference; lastKnownFileType = folder.assetcatalog; path = Assets.xcassets; sourceTree = "<group>"; };
		C368F4411F2B64C800D45C83 /* Base */ = {isa = PBXFileReference; lastKnownFileType = file.storyboard; name = Base; path = Base.lproj/LaunchScreen.storyboard; sourceTree = "<group>"; };
		C368F4431F2B64C800D45C83 /* Info.plist */ = {isa = PBXFileReference; lastKnownFileType = text.plist.xml; path = Info.plist; sourceTree = "<group>"; };
		C3F996C11F2B95220059B34C /* GrannyProfileViewController.swift */ = {isa = PBXFileReference; fileEncoding = 4; lastKnownFileType = sourcecode.swift; path = GrannyProfileViewController.swift; sourceTree = "<group>"; };
/* End PBXFileReference section */

/* Begin PBXFrameworksBuildPhase section */
		C368F4311F2B64C700D45C83 /* Frameworks */ = {
			isa = PBXFrameworksBuildPhase;
			buildActionMask = 2147483647;
			files = (
				8CDFCE2970B5B6960071603D /* Pods_Famidesk.framework in Frameworks */,
			);
			runOnlyForDeploymentPostprocessing = 0;
		};
/* End PBXFrameworksBuildPhase section */

/* Begin PBXGroup section */
		994986ED0309030D9B2F7E57 /* Frameworks */ = {
			isa = PBXGroup;
			children = (
				74045A090411E0B87ED7E439 /* Pods_Famidesk.framework */,
			);
			name = Frameworks;
			sourceTree = "<group>";
		};
		C300A91A1F2B7FA7001A9737 /* Views */ = {
			isa = PBXGroup;
			children = (
				C300A91C1F2B805D001A9737 /* ScannerView.swift */,
			);
			path = Views;
			sourceTree = "<group>";
		};
		C300A91B1F2B7FB3001A9737 /* Controllers */ = {
			isa = PBXGroup;
			children = (
				C368F4391F2B64C800D45C83 /* ScanViewController.swift */,
				C3F996C11F2B95220059B34C /* GrannyProfileViewController.swift */,
			);
			path = Controllers;
			sourceTree = "<group>";
		};
		C32A1C481F2BA7420035F9C2 /* Cells */ = {
			isa = PBXGroup;
			children = (
				C32A1C491F2BA75F0035F9C2 /* ActionCell.swift */,
			);
			path = Cells;
			sourceTree = "<group>";
		};
		C32A1C4B1F2C7FB50035F9C2 /* Models */ = {
			isa = PBXGroup;
			children = (
				C32A1C4C1F2C7FE90035F9C2 /* Action.swift */,
				C32A1C4E1F2C81EC0035F9C2 /* Patient.swift */,
			);
			path = Models;
			sourceTree = "<group>";
		};
		C32A1C501F2C82140035F9C2 /* Networks */ = {
			isa = PBXGroup;
			children = (
				C32A1C511F2C82490035F9C2 /* URLHelper.swift */,
				C32A1C531F2C847D0035F9C2 /* NetworkHelper.swift */,
			);
			path = Networks;
			sourceTree = "<group>";
		};
		C32A1C551F2C940E0035F9C2 /* Extensions */ = {
			isa = PBXGroup;
			children = (
				C32A1C561F2C943B0035F9C2 /* Date.swift */,
			);
			path = Extensions;
			sourceTree = "<group>";
		};
		C368F42B1F2B64C700D45C83 = {
			isa = PBXGroup;
			children = (
				C368F4361F2B64C800D45C83 /* Famidesk */,
				C368F4351F2B64C800D45C83 /* Products */,
				E743974BE34E7D4264C3BB7C /* Pods */,
				994986ED0309030D9B2F7E57 /* Frameworks */,
			);
			sourceTree = "<group>";
		};
		C368F4351F2B64C800D45C83 /* Products */ = {
			isa = PBXGroup;
			children = (
				C368F4341F2B64C800D45C83 /* Famidesk.app */,
			);
			name = Products;
			sourceTree = "<group>";
		};
		C368F4361F2B64C800D45C83 /* Famidesk */ = {
			isa = PBXGroup;
			children = (
				C32A1C551F2C940E0035F9C2 /* Extensions */,
				C32A1C501F2C82140035F9C2 /* Networks */,
				C32A1C4B1F2C7FB50035F9C2 /* Models */,
				C32A1C481F2BA7420035F9C2 /* Cells */,
				C300A91B1F2B7FB3001A9737 /* Controllers */,
				C300A91A1F2B7FA7001A9737 /* Views */,
				C368F4371F2B64C800D45C83 /* AppDelegate.swift */,
				C368F43B1F2B64C800D45C83 /* Main.storyboard */,
				C368F43E1F2B64C800D45C83 /* Assets.xcassets */,
				C368F4401F2B64C800D45C83 /* LaunchScreen.storyboard */,
				C368F4431F2B64C800D45C83 /* Info.plist */,
			);
			path = Famidesk;
			sourceTree = "<group>";
		};
		E743974BE34E7D4264C3BB7C /* Pods */ = {
			isa = PBXGroup;
			children = (
				365AF0F960B05D7A1BF20317 /* Pods-Famidesk.debug.xcconfig */,
				404790D9226FD7C14741C9A2 /* Pods-Famidesk.release.xcconfig */,
			);
			name = Pods;
			sourceTree = "<group>";
		};
/* End PBXGroup section */

/* Begin PBXNativeTarget section */
		C368F4331F2B64C700D45C83 /* Famidesk */ = {
			isa = PBXNativeTarget;
			buildConfigurationList = C368F4461F2B64C800D45C83 /* Build configuration list for PBXNativeTarget "Famidesk" */;
			buildPhases = (
				2C24AA20FBCA55FBE8023EB2 /* [CP] Check Pods Manifest.lock */,
				C368F4301F2B64C700D45C83 /* Sources */,
				C368F4311F2B64C700D45C83 /* Frameworks */,
				C368F4321F2B64C700D45C83 /* Resources */,
				EA675A007DCEC413A3155CB3 /* [CP] Embed Pods Frameworks */,
				2E09825226A524F2D31DC438 /* [CP] Copy Pods Resources */,
			);
			buildRules = (
			);
			dependencies = (
			);
			name = Famidesk;
			productName = Famidesk;
			productReference = C368F4341F2B64C800D45C83 /* Famidesk.app */;
			productType = "com.apple.product-type.application";
		};
/* End PBXNativeTarget section */

/* Begin PBXProject section */
		C368F42C1F2B64C700D45C83 /* Project object */ = {
			isa = PBXProject;
			attributes = {
				LastSwiftUpdateCheck = 0830;
				LastUpgradeCheck = 0830;
				ORGANIZATIONNAME = CodingOwl;
				TargetAttributes = {
					C368F4331F2B64C700D45C83 = {
						CreatedOnToolsVersion = 8.3.2;
						DevelopmentTeam = 7BLV3NRPHY;
						ProvisioningStyle = Automatic;
					};
				};
			};
			buildConfigurationList = C368F42F1F2B64C700D45C83 /* Build configuration list for PBXProject "Famidesk" */;
			compatibilityVersion = "Xcode 3.2";
			developmentRegion = English;
			hasScannedForEncodings = 0;
			knownRegions = (
				en,
				Base,
			);
			mainGroup = C368F42B1F2B64C700D45C83;
			productRefGroup = C368F4351F2B64C800D45C83 /* Products */;
			projectDirPath = "";
			projectRoot = "";
			targets = (
				C368F4331F2B64C700D45C83 /* Famidesk */,
			);
		};
/* End PBXProject section */

/* Begin PBXResourcesBuildPhase section */
		C368F4321F2B64C700D45C83 /* Resources */ = {
			isa = PBXResourcesBuildPhase;
			buildActionMask = 2147483647;
			files = (
				C368F4421F2B64C800D45C83 /* LaunchScreen.storyboard in Resources */,
				C368F43F1F2B64C800D45C83 /* Assets.xcassets in Resources */,
				C368F43D1F2B64C800D45C83 /* Main.storyboard in Resources */,
			);
			runOnlyForDeploymentPostprocessing = 0;
		};
/* End PBXResourcesBuildPhase section */

/* Begin PBXShellScriptBuildPhase section */
		2C24AA20FBCA55FBE8023EB2 /* [CP] Check Pods Manifest.lock */ = {
			isa = PBXShellScriptBuildPhase;
			buildActionMask = 2147483647;
			files = (
			);
			inputPaths = (
			);
			name = "[CP] Check Pods Manifest.lock";
			outputPaths = (
			);
			runOnlyForDeploymentPostprocessing = 0;
			shellPath = /bin/sh;
			shellScript = "diff \"${PODS_ROOT}/../Podfile.lock\" \"${PODS_ROOT}/Manifest.lock\" > /dev/null\nif [ $? != 0 ] ; then\n    # print error to STDERR\n    echo \"error: The sandbox is not in sync with the Podfile.lock. Run 'pod install' or update your CocoaPods installation.\" >&2\n    exit 1\nfi\n";
			showEnvVarsInLog = 0;
		};
		2E09825226A524F2D31DC438 /* [CP] Copy Pods Resources */ = {
			isa = PBXShellScriptBuildPhase;
			buildActionMask = 2147483647;
			files = (
			);
			inputPaths = (
			);
			name = "[CP] Copy Pods Resources";
			outputPaths = (
			);
			runOnlyForDeploymentPostprocessing = 0;
			shellPath = /bin/sh;
			shellScript = "\"${SRCROOT}/Pods/Target Support Files/Pods-Famidesk/Pods-Famidesk-resources.sh\"\n";
			showEnvVarsInLog = 0;
		};
		EA675A007DCEC413A3155CB3 /* [CP] Embed Pods Frameworks */ = {
			isa = PBXShellScriptBuildPhase;
			buildActionMask = 2147483647;
			files = (
			);
			inputPaths = (
			);
			name = "[CP] Embed Pods Frameworks";
			outputPaths = (
			);
			runOnlyForDeploymentPostprocessing = 0;
			shellPath = /bin/sh;
			shellScript = "\"${SRCROOT}/Pods/Target Support Files/Pods-Famidesk/Pods-Famidesk-frameworks.sh\"\n";
			showEnvVarsInLog = 0;
		};
/* End PBXShellScriptBuildPhase section */

/* Begin PBXSourcesBuildPhase section */
		C368F4301F2B64C700D45C83 /* Sources */ = {
			isa = PBXSourcesBuildPhase;
			buildActionMask = 2147483647;
			files = (
				C300A91D1F2B805D001A9737 /* ScannerView.swift in Sources */,
				C32A1C571F2C943B0035F9C2 /* Date.swift in Sources */,
				C32A1C541F2C847D0035F9C2 /* NetworkHelper.swift in Sources */,
				C32A1C4D1F2C7FE90035F9C2 /* Action.swift in Sources */,
				C32A1C4A1F2BA75F0035F9C2 /* ActionCell.swift in Sources */,
				C3F996C21F2B95220059B34C /* GrannyProfileViewController.swift in Sources */,
				C32A1C4F1F2C81EC0035F9C2 /* Patient.swift in Sources */,
				C32A1C521F2C82490035F9C2 /* URLHelper.swift in Sources */,
				C368F43A1F2B64C800D45C83 /* ScanViewController.swift in Sources */,
				C368F4381F2B64C800D45C83 /* AppDelegate.swift in Sources */,
			);
			runOnlyForDeploymentPostprocessing = 0;
		};
/* End PBXSourcesBuildPhase section */

/* Begin PBXVariantGroup section */
		C368F43B1F2B64C800D45C83 /* Main.storyboard */ = {
			isa = PBXVariantGroup;
			children = (
				C368F43C1F2B64C800D45C83 /* Base */,
			);
			name = Main.storyboard;
			sourceTree = "<group>";
		};
		C368F4401F2B64C800D45C83 /* LaunchScreen.storyboard */ = {
			isa = PBXVariantGroup;
			children = (
				C368F4411F2B64C800D45C83 /* Base */,
			);
			name = LaunchScreen.storyboard;
			sourceTree = "<group>";
		};
/* End PBXVariantGroup section */

/* Begin XCBuildConfiguration section */
		C368F4441F2B64C800D45C83 /* Debug */ = {
			isa = XCBuildConfiguration;
			buildSettings = {
				ALWAYS_SEARCH_USER_PATHS = NO;
				CLANG_ANALYZER_NONNULL = YES;
				CLANG_ANALYZER_NUMBER_OBJECT_CONVERSION = YES_AGGRESSIVE;
				CLANG_CXX_LANGUAGE_STANDARD = "gnu++0x";
				CLANG_CXX_LIBRARY = "libc++";
				CLANG_ENABLE_MODULES = YES;
				CLANG_ENABLE_OBJC_ARC = YES;
				CLANG_WARN_BOOL_CONVERSION = YES;
				CLANG_WARN_CONSTANT_CONVERSION = YES;
				CLANG_WARN_DIRECT_OBJC_ISA_USAGE = YES_ERROR;
				CLANG_WARN_DOCUMENTATION_COMMENTS = YES;
				CLANG_WARN_EMPTY_BODY = YES;
				CLANG_WARN_ENUM_CONVERSION = YES;
				CLANG_WARN_INFINITE_RECURSION = YES;
				CLANG_WARN_INT_CONVERSION = YES;
				CLANG_WARN_OBJC_ROOT_CLASS = YES_ERROR;
				CLANG_WARN_SUSPICIOUS_MOVE = YES;
				CLANG_WARN_UNREACHABLE_CODE = YES;
				CLANG_WARN__DUPLICATE_METHOD_MATCH = YES;
				"CODE_SIGN_IDENTITY[sdk=iphoneos*]" = "iPhone Developer";
				COPY_PHASE_STRIP = NO;
				DEBUG_INFORMATION_FORMAT = dwarf;
				ENABLE_STRICT_OBJC_MSGSEND = YES;
				ENABLE_TESTABILITY = YES;
				GCC_C_LANGUAGE_STANDARD = gnu99;
				GCC_DYNAMIC_NO_PIC = NO;
				GCC_NO_COMMON_BLOCKS = YES;
				GCC_OPTIMIZATION_LEVEL = 0;
				GCC_PREPROCESSOR_DEFINITIONS = (
					"DEBUG=1",
					"$(inherited)",
				);
				GCC_WARN_64_TO_32_BIT_CONVERSION = YES;
				GCC_WARN_ABOUT_RETURN_TYPE = YES_ERROR;
				GCC_WARN_UNDECLARED_SELECTOR = YES;
				GCC_WARN_UNINITIALIZED_AUTOS = YES_AGGRESSIVE;
				GCC_WARN_UNUSED_FUNCTION = YES;
				GCC_WARN_UNUSED_VARIABLE = YES;
				IPHONEOS_DEPLOYMENT_TARGET = 10.3;
				MTL_ENABLE_DEBUG_INFO = YES;
				ONLY_ACTIVE_ARCH = YES;
				SDKROOT = iphoneos;
				SWIFT_ACTIVE_COMPILATION_CONDITIONS = DEBUG;
				SWIFT_OPTIMIZATION_LEVEL = "-Onone";
				TARGETED_DEVICE_FAMILY = "1,2";
			};
			name = Debug;
		};
		C368F4451F2B64C800D45C83 /* Release */ = {
			isa = XCBuildConfiguration;
			buildSettings = {
				ALWAYS_SEARCH_USER_PATHS = NO;
				CLANG_ANALYZER_NONNULL = YES;
				CLANG_ANALYZER_NUMBER_OBJECT_CONVERSION = YES_AGGRESSIVE;
				CLANG_CXX_LANGUAGE_STANDARD = "gnu++0x";
				CLANG_CXX_LIBRARY = "libc++";
				CLANG_ENABLE_MODULES = YES;
				CLANG_ENABLE_OBJC_ARC = YES;
				CLANG_WARN_BOOL_CONVERSION = YES;
				CLANG_WARN_CONSTANT_CONVERSION = YES;
				CLANG_WARN_DIRECT_OBJC_ISA_USAGE = YES_ERROR;
				CLANG_WARN_DOCUMENTATION_COMMENTS = YES;
				CLANG_WARN_EMPTY_BODY = YES;
				CLANG_WARN_ENUM_CONVERSION = YES;
				CLANG_WARN_INFINITE_RECURSION = YES;
				CLANG_WARN_INT_CONVERSION = YES;
				CLANG_WARN_OBJC_ROOT_CLASS = YES_ERROR;
				CLANG_WARN_SUSPICIOUS_MOVE = YES;
				CLANG_WARN_UNREACHABLE_CODE = YES;
				CLANG_WARN__DUPLICATE_METHOD_MATCH = YES;
				"CODE_SIGN_IDENTITY[sdk=iphoneos*]" = "iPhone Developer";
				COPY_PHASE_STRIP = NO;
				DEBUG_INFORMATION_FORMAT = "dwarf-with-dsym";
				ENABLE_NS_ASSERTIONS = NO;
				ENABLE_STRICT_OBJC_MSGSEND = YES;
				GCC_C_LANGUAGE_STANDARD = gnu99;
				GCC_NO_COMMON_BLOCKS = YES;
				GCC_WARN_64_TO_32_BIT_CONVERSION = YES;
				GCC_WARN_ABOUT_RETURN_TYPE = YES_ERROR;
				GCC_WARN_UNDECLARED_SELECTOR = YES;
				GCC_WARN_UNINITIALIZED_AUTOS = YES_AGGRESSIVE;
				GCC_WARN_UNUSED_FUNCTION = YES;
				GCC_WARN_UNUSED_VARIABLE = YES;
				IPHONEOS_DEPLOYMENT_TARGET = 10.3;
				MTL_ENABLE_DEBUG_INFO = NO;
				SDKROOT = iphoneos;
				SWIFT_OPTIMIZATION_LEVEL = "-Owholemodule";
				TARGETED_DEVICE_FAMILY = "1,2";
				VALIDATE_PRODUCT = YES;
			};
			name = Release;
		};
		C368F4471F2B64C800D45C83 /* Debug */ = {
			isa = XCBuildConfiguration;
			baseConfigurationReference = 365AF0F960B05D7A1BF20317 /* Pods-Famidesk.debug.xcconfig */;
			buildSettings = {
				ASSETCATALOG_COMPILER_APPICON_NAME = AppIcon;
				DEVELOPMENT_TEAM = 7BLV3NRPHY;
				INFOPLIST_FILE = Famidesk/Info.plist;
				LD_RUNPATH_SEARCH_PATHS = "$(inherited) @executable_path/Frameworks";
				PRODUCT_BUNDLE_IDENTIFIER = be.codingowl.app.Famidesk;
				PRODUCT_NAME = "$(TARGET_NAME)";
				SWIFT_VERSION = 3.0;
			};
			name = Debug;
		};
		C368F4481F2B64C800D45C83 /* Release */ = {
			isa = XCBuildConfiguration;
			baseConfigurationReference = 404790D9226FD7C14741C9A2 /* Pods-Famidesk.release.xcconfig */;
			buildSettings = {
				ASSETCATALOG_COMPILER_APPICON_NAME = AppIcon;
				DEVELOPMENT_TEAM = 7BLV3NRPHY;
				INFOPLIST_FILE = Famidesk/Info.plist;
				LD_RUNPATH_SEARCH_PATHS = "$(inherited) @executable_path/Frameworks";
				PRODUCT_BUNDLE_IDENTIFIER = be.codingowl.app.Famidesk;
				PRODUCT_NAME = "$(TARGET_NAME)";
				SWIFT_VERSION = 3.0;
			};
			name = Release;
		};
/* End XCBuildConfiguration section */

/* Begin XCConfigurationList section */
		C368F42F1F2B64C700D45C83 /* Build configuration list for PBXProject "Famidesk" */ = {
			isa = XCConfigurationList;
			buildConfigurations = (
				C368F4441F2B64C800D45C83 /* Debug */,
				C368F4451F2B64C800D45C83 /* Release */,
			);
			defaultConfigurationIsVisible = 0;
			defaultConfigurationName = Release;
		};
		C368F4461F2B64C800D45C83 /* Build configuration list for PBXNativeTarget "Famidesk" */ = {
			isa = XCConfigurationList;
			buildConfigurations = (
				C368F4471F2B64C800D45C83 /* Debug */,
				C368F4481F2B64C800D45C83 /* Release */,
			);
			defaultConfigurationIsVisible = 0;
			defaultConfigurationName = Release;
		};
/* End XCConfigurationList section */
	};
	rootObject = C368F42C1F2B64C700D45C83 /* Project object */;
}
